# Python 3.12/Linux向けproduction dependency lock。
# requirements.txt更新時はruntime image上で全行を再解決して同時に検証する。
alembic==1.16.2
annotated-types==0.8.0
ansible==12.2.0
ansible-core==2.19.12
ansible-runner==2.4.1
anyio==4.14.2
bcrypt==4.3.0
certifi==2026.7.22
cffi==2.1.1
click==8.4.2
cryptography==50.0.0
fastapi==0.115.13
greenlet==3.5.5
h11==0.16.0
httpcore==1.0.9
httpx==0.28.1
idna==3.19
Jinja2==3.1.6
libvirt-python==11.4.0
lockfile==0.12.2
Mako==1.4.1
markdown-it-py==4.2.0
MarkupSafe==3.0.3
mdurl==0.1.2
packaging==26.3
paramiko==3.5.1
pexpect==4.9.0
prometheus-fastapi-instrumentator==7.1.0
prometheus_client==0.26.0
psycopg2-binary==2.9.10
ptyprocess==0.7.0
pycparser==3.0
pydantic==2.13.4
pydantic_core==2.46.4
Pygments==2.21.0
PyJWT==2.13.0
PyNaCl==1.6.2
python-daemon==3.1.2
python-multipart==0.0.31
PyYAML==6.0.3
resolvelib==1.2.1
rich==14.0.0
SQLAlchemy==2.0.41
starlette==0.46.2
typing-inspection==0.4.4
typing_extensions==4.16.0
uvicorn==0.34.3
